# THIS IS A MACHINE-GENERATED FILE. DO NOT EDIT MANUALLY.

[solution]
[solution.context]
solved = true
[[solution.state]]
crate = "make"
fulfilment = "solved"
pinned = false
shared = false
transitivity = "indirect"
versions = "*"
[solution.state.release]
description = "Utility for directing compilation"
maintainers = [
"alejandro@mosteo.com",
]
maintainers-logins = [
"mosteo",
]
name = "make"
notes = "Provided by system package: make"
version = "4.3.0"
[solution.state.release.origin]
url = "system:make"
[[solution.state]]
crate = "matreshka_amf"
fulfilment = "linked"
pinned = false
transitivity = "direct"
versions = "*"
[solution.state.link]
lockfiled = true
path = "../matreshka_amf"
[[solution.state]]
crate = "matreshka_league"
fulfilment = "linked"
pinned = false
transitivity = "direct"
versions = "*"
[solution.state.link]
lockfiled = true
path = "../matreshka_league"
[[solution.state]]
crate = "matreshka_xml"
fulfilment = "linked"
pinned = false
transitivity = "direct"
versions = "^22.0.0"
[solution.state.link]
lockfiled = true
path = "../matreshka_xml"

