{
  "version": "3",
  "packages": {
    "specifiers": {
      "jsr:@std/assert@^0.226.0": "jsr:@std/assert@0.226.0",
      "jsr:@std/collections@^1.0.5": "jsr:@std/collections@1.0.5",
      "jsr:@std/dotenv@^0.225.1": "jsr:@std/dotenv@0.225.1",
      "jsr:@std/fmt@^1.0.1": "jsr:@std/fmt@1.0.1",
      "jsr:@std/fs@^1.0.2": "jsr:@std/fs@1.0.2",
      "jsr:@std/io@^0.224.6": "jsr:@std/io@0.224.6",
      "jsr:@std/log@^0.224.6": "jsr:@std/log@0.224.6",
      "jsr:@std/path@^0.225.1": "jsr:@std/path@0.225.2",
      "jsr:@std/path@^1.0.3": "jsr:@std/path@1.0.3",
      "jsr:@std/toml@^1.0.1": "jsr:@std/toml@1.0.1",
      "npm:@types/node": "npm:@types/node@18.16.19",
      "npm:fast-glob@3.2.12": "npm:fast-glob@3.2.12",
      "npm:fast-glob@3.3.2": "npm:fast-glob@3.3.2",
      "npm:fast-glob@^3.3.2": "npm:fast-glob@3.3.2",
      "npm:neo4j-driver@5.10.0": "npm:neo4j-driver@5.10.0"
    },
    "jsr": {
      "@std/assert@0.226.0": {
        "integrity": "0dfb5f7c7723c18cec118e080fec76ce15b4c31154b15ad2bd74822603ef75b3"
      },
      "@std/collections@1.0.5": {
        "integrity": "ab9eac23b57a0c0b89ba45134e61561f69f3d001f37235a248ed40be260c0c10"
      },
      "@std/dotenv@0.225.1": {
        "integrity": "138f31352843d76cfb6cda1b860e8aac6d02ce3b05e7e236a81bf285a9868d0c"
      },
      "@std/fmt@1.0.1": {
        "integrity": "ef76c37faa7720faa8c20fd8cc74583f9b1e356dfd630c8714baa716a45856ab"
      },
      "@std/fs@1.0.2": {
        "integrity": "af57555c7a224a6f147d5cced5404692974f7a628ced8eda67e0d22d92d474ec",
        "dependencies": [
          "jsr:@std/path@^1.0.3"
        ]
      },
      "@std/io@0.224.6": {
        "integrity": "eefe034a370be34daf066c8634dd645635d099bb21eccf110f0bdc28d9040891"
      },
      "@std/log@0.224.6": {
        "integrity": "c34e7b69fe84b2152ce2b0a1b5e211b26e6a1ce6a6b68a217b9342fd13ed95a4",
        "dependencies": [
          "jsr:@std/fmt@^1.0.1",
          "jsr:@std/fs@^1.0.2",
          "jsr:@std/io@^0.224.6"
        ]
      },
      "@std/path@0.225.2": {
        "integrity": "0f2db41d36b50ef048dcb0399aac720a5348638dd3cb5bf80685bf2a745aa506",
        "dependencies": [
          "jsr:@std/assert@^0.226.0"
        ]
      },
      "@std/path@1.0.3": {
        "integrity": "cd89d014ce7eb3742f2147b990f6753ee51d95276bfc211bc50c860c1bc7df6f"
      },
      "@std/toml@1.0.1": {
        "integrity": "b55b407159930f338d384b1f8fd317c8e8a35e27ebb8946155f49e3a158d16c4",
        "dependencies": [
          "jsr:@std/collections@^1.0.5"
        ]
      }
    },
    "npm": {
      "@nodelib/fs.scandir@2.1.5": {
        "integrity": "sha512-vq24Bq3ym5HEQm2NKCr3yXDwjc7vTsEThRDnkp2DK9p1uqLR+DHurm/NOTo0KG7HYHU7eppKZj3MyqYuMBf62g==",
        "dependencies": {
          "@nodelib/fs.stat": "@nodelib/fs.stat@2.0.5",
          "run-parallel": "run-parallel@1.2.0"
        }
      },
      "@nodelib/fs.stat@2.0.5": {
        "integrity": "sha512-RkhPPp2zrqDAQA/2jNhnztcPAlv64XdhIp7a7454A5ovI7Bukxgt7MX7udwAu3zg1DcpPU0rz3VV1SeaqvY4+A==",
        "dependencies": {}
      },
      "@nodelib/fs.walk@1.2.8": {
        "integrity": "sha512-oGB+UxlgWcgQkgwo8GcEGwemoTFt3FIO9ababBmaGwXIoBKZ+GTy0pP185beGg7Llih/NSHSV2XAs1lnznocSg==",
        "dependencies": {
          "@nodelib/fs.scandir": "@nodelib/fs.scandir@2.1.5",
          "fastq": "fastq@1.17.1"
        }
      },
      "@types/node@18.16.19": {
        "integrity": "sha512-IXl7o+R9iti9eBW4Wg2hx1xQDig183jj7YLn8F7udNceyfkbn1ZxmzZXuak20gR40D7pIkIY1kYGx5VIGbaHKA==",
        "dependencies": {}
      },
      "base64-js@1.5.1": {
        "integrity": "sha512-AKpaYlHn8t4SVbOHCy+b5+KKgvR4vrsD8vbvrbiQJps7fKDTkjkDry6ji0rUJjC0kzbNePLwzxq8iypo41qeWA==",
        "dependencies": {}
      },
      "braces@3.0.3": {
        "integrity": "sha512-yQbXgO/OSZVD2IsiLlro+7Hf6Q18EJrKSEsdoMzKePKXct3gvD8oLcOQdIzGupr5Fj+EDe8gO/lxc1BzfMpxvA==",
        "dependencies": {
          "fill-range": "fill-range@7.1.1"
        }
      },
      "buffer@6.0.3": {
        "integrity": "sha512-FTiCpNxtwiZZHEZbcbTIcZjERVICn9yq/pDFkTl95/AxzD1naBctN7YO68riM/gLSDY7sdrMby8hofADYuuqOA==",
        "dependencies": {
          "base64-js": "base64-js@1.5.1",
          "ieee754": "ieee754@1.2.1"
        }
      },
      "fast-glob@3.2.12": {
        "integrity": "sha512-DVj4CQIYYow0BlaelwK1pHl5n5cRSJfM60UA0zK891sVInoPri2Ekj7+e1CT3/3qxXenpI+nBBmQAcJPJgaj4w==",
        "dependencies": {
          "@nodelib/fs.stat": "@nodelib/fs.stat@2.0.5",
          "@nodelib/fs.walk": "@nodelib/fs.walk@1.2.8",
          "glob-parent": "glob-parent@5.1.2",
          "merge2": "merge2@1.4.1",
          "micromatch": "micromatch@4.0.8"
        }
      },
      "fast-glob@3.3.2": {
        "integrity": "sha512-oX2ruAFQwf/Orj8m737Y5adxDQO0LAB7/S5MnxCdTNDd4p6BsyIVsv9JQsATbTSq8KHRpLwIHbVlUNatxd+1Ow==",
        "dependencies": {
          "@nodelib/fs.stat": "@nodelib/fs.stat@2.0.5",
          "@nodelib/fs.walk": "@nodelib/fs.walk@1.2.8",
          "glob-parent": "glob-parent@5.1.2",
          "merge2": "merge2@1.4.1",
          "micromatch": "micromatch@4.0.8"
        }
      },
      "fastq@1.17.1": {
        "integrity": "sha512-sRVD3lWVIXWg6By68ZN7vho9a1pQcN/WBFaAAsDDFzlJjvoGx0P8z7V1t72grFJfJhu3YPZBuu25f7Kaw2jN1w==",
        "dependencies": {
          "reusify": "reusify@1.0.4"
        }
      },
      "fill-range@7.1.1": {
        "integrity": "sha512-YsGpe3WHLK8ZYi4tWDg2Jy3ebRz2rXowDxnld4bkQB00cc/1Zw9AWnC0i9ztDJitivtQvaI9KaLyKrc+hBW0yg==",
        "dependencies": {
          "to-regex-range": "to-regex-range@5.0.1"
        }
      },
      "glob-parent@5.1.2": {
        "integrity": "sha512-AOIgSQCepiJYwP3ARnGx+5VnTu2HBYdzbGP45eLw1vr3zB3vZLeyed1sC9hnbcOc9/SrMyM5RPQrkGz4aS9Zow==",
        "dependencies": {
          "is-glob": "is-glob@4.0.3"
        }
      },
      "ieee754@1.2.1": {
        "integrity": "sha512-dcyqhDvX1C46lXZcVqCpK+FtMRQVdIMN6/Df5js2zouUsqG7I6sFxitIC+7KYK29KdXOLHdu9zL4sFnoVQnqaA==",
        "dependencies": {}
      },
      "is-extglob@2.1.1": {
        "integrity": "sha512-SbKbANkN603Vi4jEZv49LeVJMn4yGwsbzZworEoyEiutsN3nJYdbO36zfhGJ6QEDpOZIFkDtnq5JRxmvl3jsoQ==",
        "dependencies": {}
      },
      "is-glob@4.0.3": {
        "integrity": "sha512-xelSayHH36ZgE7ZWhli7pW34hNbNl8Ojv5KVmkJD4hBdD3th8Tfk9vYasLM+mXWOZhFkgZfxhLSnrwRr4elSSg==",
        "dependencies": {
          "is-extglob": "is-extglob@2.1.1"
        }
      },
      "is-number@7.0.0": {
        "integrity": "sha512-41Cifkg6e8TylSpdtTpeLVMqvSBEVzTttHvERD741+pnZ8ANv0004MRL43QKPDlK9cGvNp6NZWZUBlbGXYxxng==",
        "dependencies": {}
      },
      "merge2@1.4.1": {
        "integrity": "sha512-8q7VEgMJW4J8tcfVPy8g09NcQwZdbwFEqhe/WZkoIzjn/3TGDwtOCYtXGxA3O8tPzpczCCDgv+P2P5y00ZJOOg==",
        "dependencies": {}
      },
      "micromatch@4.0.8": {
        "integrity": "sha512-PXwfBhYu0hBCPw8Dn0E+WDYb7af3dSLVWKi3HGv84IdF4TyFoC0ysxFd0Goxw7nSv4T/PzEJQxsYsEiFCKo2BA==",
        "dependencies": {
          "braces": "braces@3.0.3",
          "picomatch": "picomatch@2.3.1"
        }
      },
      "neo4j-driver-bolt-connection@5.10.0": {
        "integrity": "sha512-TgxaQ1kRtd4hP2iromtun3twx+tLP9I0F7CIhDpYaUix8Z1nHcI6z9y+uJ1+YU/doyzgS+R/ZP8h2C4S75iClw==",
        "dependencies": {
          "buffer": "buffer@6.0.3",
          "neo4j-driver-core": "neo4j-driver-core@5.10.0",
          "string_decoder": "string_decoder@1.3.0"
        }
      },
      "neo4j-driver-core@5.10.0": {
        "integrity": "sha512-Wf50GRvEqG2R0PWMJg3tF7YxILJb4QjYgpoC7g/2OCjmQQUuSy+wj65aUlV66XB4I9J07FElGWy6Xrm/rDyA5A==",
        "dependencies": {}
      },
      "neo4j-driver@5.10.0": {
        "integrity": "sha512-xvexTGrMxS3Nj/vU/OO5FA0wMcmdOJOOqHgztydw8iSFnKBgxxAo3giiH1UKGwP4k12BnOSXSQeZGXT3faVHJQ==",
        "dependencies": {
          "neo4j-driver-bolt-connection": "neo4j-driver-bolt-connection@5.10.0",
          "neo4j-driver-core": "neo4j-driver-core@5.10.0",
          "rxjs": "rxjs@7.8.1"
        }
      },
      "picomatch@2.3.1": {
        "integrity": "sha512-JU3teHTNjmE2VCGFzuY8EXzCDVwEqB2a8fsIvwaStHhAWJEeVd1o1QD80CU6+ZdEXXSLbSsuLwJjkCBWqRQUVA==",
        "dependencies": {}
      },
      "queue-microtask@1.2.3": {
        "integrity": "sha512-NuaNSa6flKT5JaSYQzJok04JzTL1CA6aGhv5rfLW3PgqA+M2ChpZQnAC8h8i4ZFkBS8X5RqkDBHA7r4hej3K9A==",
        "dependencies": {}
      },
      "reusify@1.0.4": {
        "integrity": "sha512-U9nH88a3fc/ekCF1l0/UP1IosiuIjyTh7hBvXVMHYgVcfGvt897Xguj2UOLDeI5BG2m7/uwyaLVT6fbtCwTyzw==",
        "dependencies": {}
      },
      "run-parallel@1.2.0": {
        "integrity": "sha512-5l4VyZR86LZ/lDxZTR6jqL8AFE2S0IFLMP26AbjsLVADxHdhB/c0GUsH+y39UfCi3dzz8OlQuPmnaJOMoDHQBA==",
        "dependencies": {
          "queue-microtask": "queue-microtask@1.2.3"
        }
      },
      "rxjs@7.8.1": {
        "integrity": "sha512-AA3TVj+0A2iuIoQkWEK/tqFjBq2j+6PO6Y0zJcvzLAFhEFIO3HL0vls9hWLncZbAAbK0mar7oZ4V079I/qPMxg==",
        "dependencies": {
          "tslib": "tslib@2.7.0"
        }
      },
      "safe-buffer@5.2.1": {
        "integrity": "sha512-rp3So07KcdmmKbGvgaNxQSJr7bGVSVk5S9Eq1F+ppbRo70+YeaDxkw5Dd8NPN+GD6bjnYm2VuPuCXmpuYvmCXQ==",
        "dependencies": {}
      },
      "string_decoder@1.3.0": {
        "integrity": "sha512-hkRX8U1WjJFd8LsDJ2yQ/wWWxaopEsABU1XfkM8A+j0+85JAGppt16cr1Whg6KIbb4okU6Mql6BOj+uup/wKeA==",
        "dependencies": {
          "safe-buffer": "safe-buffer@5.2.1"
        }
      },
      "to-regex-range@5.0.1": {
        "integrity": "sha512-65P7iz6X5yEr1cwcgvQxbbIw7Uk3gOy5dIdtZ4rDveLqhrdJP+Li/Hx6tyK0NEb+2GCyneCMJiGqrADCSNk8sQ==",
        "dependencies": {
          "is-number": "is-number@7.0.0"
        }
      },
      "tslib@2.7.0": {
        "integrity": "sha512-gLXCKdN1/j47AiHiOkJN69hJmcbGTHI0ImLmbYLHykhgeN0jVGola9yVjFgzCUklsZQMW55o+dW7IXv3RCXDzA==",
        "dependencies": {}
      }
    }
  },
  "redirects": {
    "https://deno.land/std/path/mod.ts": "https://deno.land/std@0.177.1/path/mod.ts"
  },
  "remote": {
    "https://deno.land/std@0.162.0/_util/assert.ts": "e94f2eb37cebd7f199952e242c77654e43333c1ac4c5c700e929ea3aa5489f74",
    "https://deno.land/std@0.162.0/bytes/bytes_list.ts": "aba5e2369e77d426b10af1de0dcc4531acecec27f9b9056f4f7bfbf8ac147ab4",
    "https://deno.land/std@0.162.0/bytes/equals.ts": "3c3558c3ae85526f84510aa2b48ab2ad7bdd899e2e0f5b7a8ffc85acb3a6043a",
    "https://deno.land/std@0.162.0/bytes/mod.ts": "b2e342fd3669176a27a4e15061e9d588b89c1aaf5008ab71766e23669565d179",
    "https://deno.land/std@0.162.0/fmt/colors.ts": "9e36a716611dcd2e4865adea9c4bec916b5c60caad4cdcdc630d4974e6bb8bd4",
    "https://deno.land/std@0.162.0/io/buffer.ts": "fae02290f52301c4e0188670e730cd902f9307fb732d79c4aa14ebdc82497289",
    "https://deno.land/std@0.162.0/streams/conversion.ts": "555c6c249f3acf85655f2d0af52d1cb3168e40b1c1fa26beefea501b333abe28",
    "https://deno.land/std@0.177.1/_util/asserts.ts": "178dfc49a464aee693a7e285567b3d0b555dc805ff490505a8aae34f9cfb1462",
    "https://deno.land/std@0.177.1/_util/os.ts": "d932f56d41e4f6a6093d56044e29ce637f8dcc43c5a90af43504a889cf1775e3",
    "https://deno.land/std@0.177.1/path/_constants.ts": "e49961f6f4f48039c0dfed3c3f93e963ca3d92791c9d478ac5b43183413136e0",
    "https://deno.land/std@0.177.1/path/_interface.ts": "6471159dfbbc357e03882c2266d21ef9afdb1e4aa771b0545e90db58a0ba314b",
    "https://deno.land/std@0.177.1/path/_util.ts": "d7abb1e0dea065f427b89156e28cdeb32b045870acdf865833ba808a73b576d0",
    "https://deno.land/std@0.177.1/path/common.ts": "ee7505ab01fd22de3963b64e46cff31f40de34f9f8de1fff6a1bd2fe79380000",
    "https://deno.land/std@0.177.1/path/glob.ts": "d479e0a695621c94d3fd7fe7abd4f9499caf32a8de13f25073451c6ef420a4e1",
    "https://deno.land/std@0.177.1/path/mod.ts": "4b83694ac500d7d31b0cdafc927080a53dc0c3027eb2895790fb155082b0d232",
    "https://deno.land/std@0.177.1/path/posix.ts": "8b7c67ac338714b30c816079303d0285dd24af6b284f7ad63da5b27372a2c94d",
    "https://deno.land/std@0.177.1/path/separator.ts": "0fb679739d0d1d7bf45b68dacfb4ec7563597a902edbaf3c59b50d5bcadd93b1",
    "https://deno.land/std@0.177.1/path/win32.ts": "d186344e5583bcbf8b18af416d13d82b35a317116e6460a5a3953508c3de5bba",
    "https://deno.land/std@0.61.0/_util/assert.ts": "e1f76e77c5ccb5a8e0dbbbe6cce3a56d2556c8cb5a9a8802fc9565af72462149",
    "https://deno.land/std@0.61.0/encoding/base64.ts": "79c67b8a9d911eff89cafd84749587a2851a7bb3bed4e952f6cf4c2ff97ae120",
    "https://deno.land/std@0.61.0/encoding/hex.ts": "344cc325cda2cee911eaa18d84c0f3971332de95ae00e8c66b5cd996d5fdbf23",
    "https://deno.land/std@0.61.0/node/_util/_util_callbackify.ts": "d16a8b8d180dbbcbcbd409db92636c6e23731857d1ba3e572b405d7830da1e4a",
    "https://deno.land/std@0.61.0/node/_util/_util_promisify.ts": "5c34b437b6feb6ed8ed4dd557a104bbcb64bc6b36ffe46703367d3c6dfb65d70",
    "https://deno.land/std@0.61.0/node/_util/_util_types.ts": "9d27757239254e38275bb883b9cbd7739a63029083dfc08dfcc9413b607596b6",
    "https://deno.land/std@0.61.0/node/_utils.ts": "223d84e897c452816915efeab8e564e314d9f3f6e0a4b8a661ffa82f1162e6b9",
    "https://deno.land/std@0.61.0/node/buffer.ts": "a6a3beaab8f1e09d994c6dc5503fb613116450fb492b2735f700accdd8acdfcf",
    "https://deno.land/std@0.61.0/node/events.ts": "678cac1ef684aa506bb6f805bee1158ddfbe2c123eb72b68f4323fddd6f7e475",
    "https://deno.land/std@0.61.0/node/process.ts": "3445aa2f77c3d7cc03909c92ee7206941fde6003937b9d7629d6bd482825a500",
    "https://deno.land/std@0.61.0/node/util.ts": "38a57f9ef62f363ccf648344438459e597ef88bbee2de83e7cd8e515041b4d0a",
    "https://deno.land/std@0.61.0/path/_constants.ts": "e11f32a36644e04dce243f3c1f30c02cc5d149827f48a755628176f0707cfc70",
    "https://deno.land/std@0.61.0/path/_globrex.ts": "696996deed47bd98fcab9de0034233380ead443a5cd702631151c6a71e3d21a2",
    "https://deno.land/std@0.61.0/path/_interface.ts": "5876f91d35fd42624893a4aaddaee352144e1f46e719f1dde6511bab7c3c1029",
    "https://deno.land/std@0.61.0/path/_util.ts": "76f73f9b4a994e2859e9d4544cfc34f0ff21b48893c65023025e572c21a43542",
    "https://deno.land/std@0.61.0/path/common.ts": "e4ec66a7416d56f60331b66e27a8a4f08c7b1cf48e350271cb69754a01cf5c04",
    "https://deno.land/std@0.61.0/path/glob.ts": "ff5c4d04d643083dc5c8a46da83b8c836934155c2a7ad72675c43092b2a435ea",
    "https://deno.land/std@0.61.0/path/mod.ts": "6de8885c2534757097818e302becd1cefcbc4c28ac022cc279e612ee04e8cfd1",
    "https://deno.land/std@0.61.0/path/posix.ts": "2ed477953d037fd42d077822e6db0adaa8dcc4ce1cfbb673b0a49ce1c1c301ff",
    "https://deno.land/std@0.61.0/path/separator.ts": "9dd15d46ff84a16e13554f56af7fee1f85f8d0f379efbbe60ac066a60561f036",
    "https://deno.land/std@0.61.0/path/win32.ts": "e4f0b577346f0936d92b6473369248773db217ce385295024a6875e559376e43",
    "https://deno.land/x/cmd@v1.2.0/commander/index.ts": "6cec4535d13a559bfa35c025f10da8c7141dcbf94e1a64f99da5638c35e9eda8",
    "https://deno.land/x/cmd@v1.2.0/commander/types.ts": "84de7e9c11a8ffe82a788388fa7e9b34457b6dc3b83812a57f386d58b10fdb54",
    "https://deno.land/x/cmd@v1.2.0/deps.ts": "15b259ee685288656abef2b10e55d89442a2e3df7fe276a3622a50fa031b923b",
    "https://deno.land/x/cmd@v1.2.0/mod.ts": "1c33b1b43640f3071ca9cd7e69da752a91b376e3c383d84e930de310120202dd",
    "https://deno.land/x/progress@v1.3.8/deps.ts": "83050e627263931d853ba28b7c15c80bf4be912bea7e0d3d13da2bc0aaf7889d",
    "https://deno.land/x/progress@v1.3.8/mod.ts": "ee152d6e97c0d6ed71e4299b230b66d197f23315a9efb826695b9f77f1a38937",
    "https://deno.land/x/progress@v1.3.8/multi.ts": "670712f0705ecb9b9e5f38d9770f4a5492171cf0f1b268ed55535cbf7d1789a1",
    "https://deno.land/x/progress@v1.3.8/time.ts": "f5b302425cef076958c9352030f48a79bd7b54316b4057f99192884b5e140ea0",
    "https://deno.land/x/sleep@v1.2.1/mod.ts": "f2d3c9e1ef1fb2852f580f6960384bed36bc18a2da357c35f11a089fcca44273",
    "https://deno.land/x/sleep@v1.2.1/sleep.ts": "2426efe5d3ce5de0b8af08bd36a8700deb5dc60e752f5f8f05d5e815a7e8cb0e"
  },
  "workspace": {
    "dependencies": [
      "jsr:@std/dotenv@^0.225.1",
      "jsr:@std/fs@^1.0.2",
      "jsr:@std/log@^0.224.6",
      "jsr:@std/path@^0.225.1",
      "jsr:@std/toml@^1.0.1",
      "npm:fast-glob@^3.3.2"
    ]
  }
}
