# THIS IS A MACHINE-GENERATED FILE. DO NOT EDIT MANUALLY.

[solution]
[solution.context]
solved = true
[[solution.state]]
crate = "libzmq"
fulfilment = "solved"
pinned = false
shared = false
transitivity = "indirect"
versions = "*"
[solution.state.release]
description = "lightweight messaging kernel"
maintainers = [
"Maxim Reznik <reznikmm@gmail.com>",
]
maintainers-logins = [
"reznikmm",
]
name = "libzmq"
notes = "Provided by system package: libzmq3-dev"
version = "4.3.4"
[solution.state.release.origin]
url = "system:libzmq3-dev"
[[solution.state]]
crate = "make"
fulfilment = "solved"
pinned = false
shared = false
transitivity = "indirect"
versions = "*"
[solution.state.release]
description = "Utility for directing compilation"
maintainers = [
"alejandro@mosteo.com",
]
maintainers-logins = [
"mosteo",
]
name = "make"
notes = "Provided by system package: make"
version = "4.3.0"
[solution.state.release.origin]
url = "system:make"
[[solution.state]]
crate = "matreshka_league"
fulfilment = "linked"
pinned = false
transitivity = "direct"
versions = "*"
[solution.state.link]
lockfiled = true
path = "../matreshka/packages/alire/matreshka_league"
[[solution.state]]
crate = "spawn"
fulfilment = "linked"
pinned = false
transitivity = "direct"
versions = "*"
[solution.state.link]
lockfiled = true
path = "../spawn"
[[solution.state]]
crate = "zeromq_ada"
fulfilment = "linked"
pinned = false
transitivity = "direct"
versions = "*"
[solution.state.link]
lockfiled = true
path = "../zeromq_ada"

