# THIS IS A MACHINE-GENERATED FILE. DO NOT EDIT MANUALLY.

[solution]
[solution.context]
solved = true
[[solution.state]]
crate = "libfreetype"
fulfilment = "solved"
pinned = false
shared = false
transitivity = "direct"
versions = "^2"
[solution.state.release]
description = "A freely available software library to render fonts"
maintainers = [
"contact@flyx.org",
]
maintainers-logins = [
"flyx",
]
name = "libfreetype"
notes = "Provided by system package: libfreetype6-dev"
version = "2.10.4"
[solution.state.release.origin]
url = "system:libfreetype6-dev"

