# THIS IS A MACHINE-GENERATED FILE. DO NOT EDIT MANUALLY.

[solution]
[solution.context]
solved = true
[[solution.state]]
crate = "gnatcoll"
fulfilment = "linked"
pinned = false
transitivity = "direct"
versions = "*"
[solution.state.link]
lockfiled = true
path = "../../gnatcoll-core"
[[solution.state]]
crate = "libgpr"
fulfilment = "linked"
pinned = false
transitivity = "direct"
versions = "^23.0.0"
[solution.state.link]
lockfiled = true
path = "../../gprbuild"
[[solution.state]]
crate = "libreadline"
fulfilment = "solved"
pinned = false
shared = false
transitivity = "direct"
versions = "*"
[solution.state.release]
description = "The GNU Readline Library"
licenses = "GPL-3.0-only"
maintainers = [
"chouteau@adacore.com",
]
maintainers-logins = [
"Fabien-Chouteau",
]
name = "libreadline"
notes = "Provided by system package: libreadline-dev"
version = "8.1.0"
[solution.state.release.origin]
url = "system:libreadline-dev"
[[solution.state]]
crate = "xmlada"
fulfilment = "linked"
pinned = false
transitivity = "direct"
versions = "^23.0.0"
[solution.state.link]
lockfiled = true
path = "../../xmlada"

