# THIS IS A MACHINE-GENERATED FILE. DO NOT EDIT MANUALLY.

[solution]
[solution.context]
solved = true
[[solution.state]]
crate = "gnatcoll"
fulfilment = "linked"
pinned = false
transitivity = "direct"
versions = "*"
[solution.state.link]
lockfiled = true
path = "../../gnatcoll-core"
[[solution.state]]
crate = "libgpr"
fulfilment = "linked"
pinned = false
transitivity = "direct"
versions = "^23.0.0"
[solution.state.link]
lockfiled = true
path = "../../gprbuild"
[[solution.state]]
crate = "liblzma"
fulfilment = "solved"
pinned = false
shared = false
transitivity = "direct"
versions = "*"
[solution.state.release]
description = "The GNU Readline Library"
licenses = "GPL-2.0-or-later AND GPL-3.0-or-later AND LGPL-2.1-or-later"
maintainers = [
"chouteau@adacore.com",
]
maintainers-logins = [
"Fabien-Chouteau",
]
name = "liblzma"
notes = "Provided by system package: liblzma-dev"
version = "5.2.5"
[solution.state.release.origin]
url = "system:liblzma-dev"
[[solution.state]]
crate = "xmlada"
fulfilment = "linked"
pinned = false
transitivity = "direct"
versions = "^23.0.0"
[solution.state.link]
lockfiled = true
path = "../../xmlada"

